{
  "object": {
    "pins": [
      {
        "package": "Komondor",
        "repositoryURL": "https://github.com/shibapm/Komondor.git",
        "state": {
          "branch": null,
          "revision": "3cd6d76887816ead5931ddbfb249c2935f518e17",
          "version": "1.0.4"
        }
      },
      {
        "package": "PackageConfig",
        "repositoryURL": "https://github.com/shibapm/PackageConfig",
        "state": {
          "branch": null,
          "revision": "fd0829aac9851434b3d2db0890e27bc489fc973a",
          "version": "0.12.2"
        }
      },
      {
        "package": "ShellOut",
        "repositoryURL": "https://github.com/JohnSundell/ShellOut.git",
        "state": {
          "branch": null,
          "revision": "e1577acf2b6e90086d01a6d5e2b8efdaae033568",
          "version": "2.3.0"
        }
      }
    ]
  },
  "version": 1
}
