PODS:
  - Alamofire (4.9.1)
  - AppwiseCore (1.3.2):
    - AppwiseCore/Behaviours (= 1.3.2)
    - AppwiseCore/Core (= 1.3.2)
    - AppwiseCore/UI (= 1.3.2)
    - AppwiseCore/UIApplication (= 1.3.2)
  - AppwiseCore/Behaviours (1.3.2):
    - AppwiseCore/Common
    - Then (~> 2.6)
  - AppwiseCore/Common (1.3.2)
  - AppwiseCore/Core (1.3.2):
    - Alamofire (~> 4.8)
    - AppwiseCore/Common
    - CocoaLumberjack/Swift (~> 3.6)
    - CodableAlamofire (~> 1.1)
    - Sentry (~> 5.0)
    - Then (~> 2.6)
  - AppwiseCore/CoreData (1.3.2):
    - AppwiseCore/Common
    - AppwiseCore/Core
    - Groot (~> 3.0)
  - AppwiseCore/DeepLink (1.3.2):
    - AppwiseCore/Behaviours
    - AppwiseCore/Common
  - AppwiseCore/UI (1.3.2):
    - AppwiseCore/Behaviours
    - AppwiseCore/Core
    - IBAnimatable (~> 6.1)
  - AppwiseCore/UIApplication (1.3.2):
    - AppwiseCore/Core
  - Bagel (1.3.2):
    - CocoaAsyncSocket
  - BartyCrouch (4.1.1)
  - BonMot (5.5.1)
  - CocoaAsyncSocket (7.6.4)
  - CocoaLumberjack/Core (3.6.1)
  - CocoaLumberjack/Swift (3.6.1):
    - CocoaLumberjack/Core
  - CodableAlamofire (1.1.2):
    - Alamofire (~> 4.0)
  - Groot (3.0.1):
    - Groot/Swift (= 3.0.1)
  - Groot/Swift (3.0.1)
  - IBAnimatable (6.1.0)
  - IQKeyboardManagerSwift (6.5.5)
  - Nuke (7.6.3)
  - Nuke-Alamofire-Plugin (4.2):
    - Alamofire (~> 4.0)
    - Nuke (~> 7.0)
  - OneSignal (2.14.3)
  - p2.OAuth2 (5.0.0)
  - PaginationTracker (1.0.2):
    - PaginationTracker/Core (= 1.0.2)
    - PaginationTracker/CoreData (= 1.0.2)
  - PaginationTracker/Core (1.0.2):
    - Alamofire (~> 4.8)
    - StatefulUI
  - PaginationTracker/CoreData (1.0.2):
    - AppwiseCore/CoreData
    - PaginationTracker/Core
  - Reusable (4.1.1):
    - Reusable/Storyboard (= 4.1.1)
    - Reusable/View (= 4.1.1)
  - Reusable/Storyboard (4.1.1)
  - Reusable/View (4.1.1)
  - Sentry (5.1.4):
    - Sentry/Core (= 5.1.4)
  - Sentry/Core (5.1.4)
  - SnapKit (5.0.1)
  - Sourcery (0.18.0)
  - StatefulUI (1.0.3):
    - IBAnimatable
    - Reusable
  - SwiftFormat/CLI (0.44.14)
  - SwiftGen (6.2.0)
  - SwiftLint (0.39.2)
  - Then (2.7.0)

DEPENDENCIES:
  - AppwiseCore (from `../`)
  - AppwiseCore/CoreData (from `../`)
  - AppwiseCore/DeepLink (from `../`)
  - AppwiseCore/UI (from `../`)
  - Bagel
  - BartyCrouch
  - BonMot
  - CocoaAsyncSocket
  - IQKeyboardManagerSwift
  - Nuke
  - Nuke-Alamofire-Plugin
  - OneSignal
  - p2.OAuth2
  - PaginationTracker
  - Reusable
  - SnapKit
  - Sourcery
  - StatefulUI
  - SwiftFormat/CLI
  - SwiftGen
  - SwiftLint

SPEC REPOS:
  trunk:
    - Alamofire
    - Bagel
    - BartyCrouch
    - BonMot
    - CocoaAsyncSocket
    - CocoaLumberjack
    - CodableAlamofire
    - Groot
    - IBAnimatable
    - IQKeyboardManagerSwift
    - Nuke
    - Nuke-Alamofire-Plugin
    - OneSignal
    - p2.OAuth2
    - PaginationTracker
    - Reusable
    - Sentry
    - SnapKit
    - Sourcery
    - StatefulUI
    - SwiftFormat
    - SwiftGen
    - SwiftLint
    - Then

EXTERNAL SOURCES:
  AppwiseCore:
    :path: "../"

SPEC CHECKSUMS:
  Alamofire: 85e8a02c69d6020a0d734f6054870d7ecb75cf18
  AppwiseCore: ef24e318702d79ad302d19220c2bde8ed26c7b04
  Bagel: 199e0105ac694d6eee9db54dd006c940da6ce81b
  BartyCrouch: 7767d19c29a03aee031493574f084d50f217a529
  BonMot: 0d179476725af81f622a6d9f660f43048070016a
  CocoaAsyncSocket: 694058e7c0ed05a9e217d1b3c7ded962f4180845
  CocoaLumberjack: b17ae15142558d08bbacf69775fa10c4abbebcc9
  CodableAlamofire: b7adfb2e5e980392014b4b3f3b8b62c01b9de4aa
  Groot: a668afbcf0be88d76c0a26c714cfa4638ceaca66
  IBAnimatable: 99dddd4c0625884a301ba3ecbc1615f8a390368e
  IQKeyboardManagerSwift: 0fb93310284665245591f50f7a5e38de615960b7
  Nuke: 44130e95e09463f8773ae4b96b90de1eba6b3350
  Nuke-Alamofire-Plugin: ee83df6e81e70488ca33033ac98b3f86a2ab1597
  OneSignal: 7dfe466265c05f02b95a274b9c997a0619ad2117
  p2.OAuth2: 5d203b46c2857b4bbcca3e521089959e7b3b5a5c
  PaginationTracker: ceda867f3ef0374a2934919048a71e63c1c4313d
  Reusable: 53a9acf5c536f229b31b5865782414b508252ddb
  Sentry: 74f2ad93a20a5567a1badaedf5b3f60b142ad082
  SnapKit: 97b92857e3df3a0c71833cce143274bf6ef8e5eb
  Sourcery: e0e8658a1ce6d9f475156ad3ffce4c68f1261b3e
  StatefulUI: cab5727ed27ffe648b47302e7ccacd8dd2d2b07d
  SwiftFormat: a5ab293a7f6a812bec6f4ffc5507b7ed08f7f6e1
  SwiftGen: 77e88c8609381660cc1084c5ba8e1dc6065de692
  SwiftLint: 22ccbbe3b8008684be5955693bab135e0ed6a447
  Then: acfe0be7e98221c6204e12f8161459606d5d822d

PODFILE CHECKSUM: 7fb99aacf095bde5eae7b01f0a2a760823d5e874

COCOAPODS: 1.9.3
