PODS:
  - Alamofire (4.8.0)
  - AppwiseCore (0.10.7):
    - AppwiseCore/Behaviours (= 0.10.7)
    - AppwiseCore/Core (= 0.10.7)
    - AppwiseCore/UI (= 0.10.7)
    - AppwiseCore/UIApplication (= 0.10.7)
  - AppwiseCore/Behaviours (0.10.7):
    - AppwiseCore/Common
    - Then (~> 2.3)
  - AppwiseCore/Common (0.10.7)
  - AppwiseCore/Core (0.10.7):
    - Alamofire (~> 4.7)
    - AppwiseCore/Common
    - CocoaLumberjack/Swift (~> 3.4)
    - CodableAlamofire (~> 1.1)
    - CrashlyticsRecorder (~> 2.2)
    - Then (~> 2.4)
  - AppwiseCore/CoreData (0.10.7):
    - AppwiseCore/Common
    - AppwiseCore/Core
    - Groot (~> 3.0)
    - SugarRecord/CoreData (~> 3.1)
  - AppwiseCore/DeepLink (0.10.7):
    - AppwiseCore/Behaviours
    - AppwiseCore/Common
  - AppwiseCore/UI (0.10.7):
    - AppwiseCore/Behaviours
    - AppwiseCore/Core
    - IBAnimatable (~> 5.2)
  - AppwiseCore/UIApplication (0.10.7):
    - AppwiseCore/Core
  - BonMot (5.3)
  - CocoaLumberjack/Default (3.4.2)
  - CocoaLumberjack/Swift (3.4.2):
    - CocoaLumberjack/Default
  - CodableAlamofire (1.1.0):
    - Alamofire (~> 4.0)
  - Crashlytics (3.12.0):
    - Fabric (~> 1.9.0)
  - CrashlyticsRecorder (2.3.0)
  - Fabric (1.9.0)
  - Groot (3.0.1):
    - Groot/Swift (= 3.0.1)
  - Groot/Swift (3.0.1)
  - IBAnimatable (5.2.1)
  - IQKeyboardManagerSwift (6.2.0)
  - LocalizableCheck (0.1.1)
  - Nuke (7.5.2)
  - Nuke-Alamofire-Plugin (4.0):
    - Alamofire (~> 4.0)
    - Nuke (~> 7.0)
  - OneSignal (2.9.4)
  - p2.OAuth2 (4.2.0)
  - Result (3.2.4)
  - Reusable (4.0.5):
    - Reusable/Storyboard (= 4.0.5)
    - Reusable/View (= 4.0.5)
  - Reusable/Storyboard (4.0.5)
  - Reusable/View (4.0.5)
  - SnapKit (4.2.0)
  - Sourcery (0.15.0)
  - SugarRecord/CoreData (3.1.2):
    - Result (~> 3.0)
  - SwiftGen (6.0.2)
  - SwiftLint (0.29.3)
  - Then (2.4.0)

DEPENDENCIES:
  - AppwiseCore (from `../`)
  - AppwiseCore/CoreData (from `../`)
  - AppwiseCore/DeepLink (from `../`)
  - AppwiseCore/UI (from `../`)
  - BonMot
  - Crashlytics
  - IQKeyboardManagerSwift
  - LocalizableCheck
  - Nuke
  - Nuke-Alamofire-Plugin
  - OneSignal
  - p2.OAuth2
  - Reusable
  - SnapKit
  - Sourcery
  - SwiftGen
  - SwiftLint

SPEC REPOS:
  https://github.com/cocoapods/specs.git:
    - Alamofire
    - BonMot
    - CocoaLumberjack
    - CodableAlamofire
    - Crashlytics
    - CrashlyticsRecorder
    - Fabric
    - Groot
    - IBAnimatable
    - IQKeyboardManagerSwift
    - LocalizableCheck
    - Nuke
    - Nuke-Alamofire-Plugin
    - OneSignal
    - p2.OAuth2
    - Result
    - Reusable
    - SnapKit
    - Sourcery
    - SugarRecord
    - SwiftGen
    - SwiftLint
    - Then

EXTERNAL SOURCES:
  AppwiseCore:
    :path: "../"

SPEC CHECKSUMS:
  Alamofire: 3ec537f71edc9804815215393ae2b1a8ea33a844
  AppwiseCore: 1aaa3e85bc04f687756eeddf873b99cfd57b02e9
  BonMot: 0104d1b4eda54f4a4b7393d6559539ef25498fbd
  CocoaLumberjack: db7cc9e464771f12054c22ff6947c5a58d43a0fd
  CodableAlamofire: e2d2edcec7cf413f7862c30c8fa98eded27a83f9
  Crashlytics: 07fb167b1694128c1c9a5a5cc319b0e9c3ca0933
  CrashlyticsRecorder: 842adffa8b0ddc0099bcc23ad4930b9803fdacff
  Fabric: f988e33c97f08930a413e08123064d2e5f68d655
  Groot: a668afbcf0be88d76c0a26c714cfa4638ceaca66
  IBAnimatable: a46b835ec6875178516cf7e014a40194d6bfa3fc
  IQKeyboardManagerSwift: b07ccf9d8cafe993dcd6cb794eb4ba34611a0c4e
  LocalizableCheck: 44c5e378bf8879284b95981860c2303bd2713d35
  Nuke: 0350d346a688426e8f2331253ef28dc2fc4f6178
  Nuke-Alamofire-Plugin: 58319cafeaf6b4ea7431e48189de4618759a2c3c
  OneSignal: a41f5a896177275662da07e23d6a809c0e105a89
  p2.OAuth2: d5ea9b928fc5d10d088d419db6f3380578b6f866
  Result: d2d07204ce72856f1fd9130bbe42c35a7b0fea10
  Reusable: 188be1a54ac0691bc66e5bb24ec6eb91971b315b
  SnapKit: fe8a619752f3f27075cc9a90244d75c6c3f27e2a
  Sourcery: 5895672cae353cdbfa95f3f4aaeb75a664d76f6a
  SugarRecord: be6aa5c18b4a4dec0de4c1f49fc61c85eabb5328
  SwiftGen: e5b047067aa84082826a0c4f1c4c2ddc95bcf74c
  SwiftLint: bfa7ca7b4d170cfaf0d236ca3ffd969e88a2f002
  Then: 71866660c7af35a7343831f7668e7cd2b62ee0f2

PODFILE CHECKSUM: 7346e48ee1f8aa71b1224cb5f72b852163262d13

COCOAPODS: 1.6.0.beta.2
