PODS:
  - Alamofire (5.7.1)
  - AppwiseCore (2.0.3):
    - AppwiseCore/Behaviours (= 2.0.3)
    - AppwiseCore/Core (= 2.0.3)
    - AppwiseCore/UI (= 2.0.3)
    - AppwiseCore/UIApplication (= 2.0.3)
  - AppwiseCore/Behaviours (2.0.3):
    - AppwiseCore/Common
    - Then (~> 3.0)
  - AppwiseCore/Common (2.0.3)
  - AppwiseCore/Core (2.0.3):
    - Alamofire (> 5.2)
    - AppwiseCore/Common
    - CocoaLumberjack/Swift (~> 3.6)
    - Sentry (~> 8.0)
    - Then (~> 3.0)
  - AppwiseCore/CoreData (2.0.3):
    - AppwiseCore/Common
    - AppwiseCore/Core
    - Groot (~> 3.0)
  - AppwiseCore/DeepLink (2.0.3):
    - AppwiseCore/Behaviours
    - AppwiseCore/Common
  - AppwiseCore/UI (2.0.3):
    - AppwiseCore/Behaviours
    - AppwiseCore/Core
    - IBAnimatable (~> 6.1)
  - AppwiseCore/UIApplication (2.0.3):
    - AppwiseCore/Core
  - atlantis-proxyman (1.21.0)
  - BartyCrouch (4.15.0)
  - BonMot (6.1.3)
  - CocoaLumberjack/Core (3.8.0)
  - CocoaLumberjack/Swift (3.8.0):
    - CocoaLumberjack/Core
  - Groot (3.0.1):
    - Groot/Swift (= 3.0.1)
  - Groot/Swift (3.0.1)
  - IBAnimatable (6.1.0)
  - IQKeyboardManagerSwift (6.5.12)
  - Nuke (9.5.0)
  - Nuke-Alamofire-Plugin (5.0.0):
    - Alamofire (~> 5.0)
    - Nuke (~> 9.0)
  - OneSignal (3.12.5):
    - OneSignal/OneSignalCore (= 3.12.5)
    - OneSignal/OneSignalExtension (= 3.12.5)
    - OneSignal/OneSignalOutcomes (= 3.12.5)
  - OneSignal/OneSignalCore (3.12.5)
  - OneSignal/OneSignalExtension (3.12.5):
    - OneSignal/OneSignalCore
    - OneSignal/OneSignalOutcomes
  - OneSignal/OneSignalOutcomes (3.12.5):
    - OneSignal/OneSignalCore
  - p2.OAuth2 (5.3.1)
  - Reusable (4.1.2):
    - Reusable/Storyboard (= 4.1.2)
    - Reusable/View (= 4.1.2)
  - Reusable/Storyboard (4.1.2)
  - Reusable/View (4.1.2)
  - Sentry (8.9.1):
    - Sentry/Core (= 8.9.1)
    - SentryPrivate (= 8.9.1)
  - Sentry/Core (8.9.1):
    - SentryPrivate (= 8.9.1)
  - SentryPrivate (8.9.1)
  - SnapKit (5.6.0)
  - Sourcery/CLI-Only (2.0.2)
  - StatefulUI (1.0.5):
    - IBAnimatable
    - Reusable
  - SwiftFormat/CLI (0.51.13)
  - SwiftGen (6.6.2)
  - SwiftLint (0.52.4)
  - Then (3.0.0)

DEPENDENCIES:
  - AppwiseCore (from `../`)
  - AppwiseCore/CoreData (from `../`)
  - AppwiseCore/DeepLink (from `../`)
  - AppwiseCore/UI (from `../`)
  - atlantis-proxyman
  - BartyCrouch
  - BonMot
  - IQKeyboardManagerSwift
  - Nuke
  - Nuke-Alamofire-Plugin
  - OneSignal
  - p2.OAuth2
  - Reusable
  - SnapKit
  - Sourcery/CLI-Only
  - StatefulUI
  - SwiftFormat/CLI
  - SwiftGen
  - SwiftLint

SPEC REPOS:
  trunk:
    - Alamofire
    - atlantis-proxyman
    - BartyCrouch
    - BonMot
    - CocoaLumberjack
    - Groot
    - IBAnimatable
    - IQKeyboardManagerSwift
    - Nuke
    - Nuke-Alamofire-Plugin
    - OneSignal
    - p2.OAuth2
    - Reusable
    - Sentry
    - SentryPrivate
    - SnapKit
    - Sourcery
    - StatefulUI
    - SwiftFormat
    - SwiftGen
    - SwiftLint
    - Then

EXTERNAL SOURCES:
  AppwiseCore:
    :path: "../"

SPEC CHECKSUMS:
  Alamofire: 0123a34370cb170936ae79a8df46cc62b2edeb88
  AppwiseCore: 124e9455b6fe4c0fdcff066fb46e5d3ad4ce3899
  atlantis-proxyman: e1cc5dcba2dfce81401ce29f17499454e5b08ed6
  BartyCrouch: c6af540fb6cf0206daa280f0c36a5ee9d0ba56b1
  BonMot: 1534503509ef48d3c4d0fbec2d0ea35f2887b4ea
  CocoaLumberjack: 78abfb691154e2a9df8ded4350d504ee19d90732
  Groot: a668afbcf0be88d76c0a26c714cfa4638ceaca66
  IBAnimatable: 99dddd4c0625884a301ba3ecbc1615f8a390368e
  IQKeyboardManagerSwift: 371b08cb39664fb56030f5345c815a4ffc74bbc0
  Nuke: 6f400a4ea957e09149ec335a3c6acdcc814d89e4
  Nuke-Alamofire-Plugin: f30d8aa02fc505bb70461a76015f2bf91a59b177
  OneSignal: 36f1f46ea4be161a5c00ed0af63f8d31653f0c1d
  p2.OAuth2: d74bba0192c0fa13ade07ba710f8c7dfbb101e16
  Reusable: 6bae6a5e8aa793c9c441db0213c863a64bce9136
  Sentry: e3203780941722a1fcfee99e351de14244c7f806
  SentryPrivate: 5e3683390f66611fc7c6215e27645873adb55d13
  SnapKit: e01d52ebb8ddbc333eefe2132acf85c8227d9c25
  Sourcery: 9ae7eb711f830e8c3c02b98dc28fbd7e32e9d971
  StatefulUI: b1ff3b68dd777c7670c0889b1cf38759c853ad03
  SwiftFormat: f4c21fdf8aacdd2db6ffe110f939e0548c9a7de3
  SwiftGen: 1366a7f71aeef49954ca5a63ba4bef6b0f24138c
  SwiftLint: 1cc5cd61ba9bacb2194e340aeb47a2a37fda00b3
  Then: 844265ae87834bbe1147d91d5d41a404da2ec27d

PODFILE CHECKSUM: f3f785f659a5019ea14f3f12dfd35483026366d5

COCOAPODS: 1.12.1
