// !$*UTF8*$!
{
	archiveVersion = 1;
	classes = {
	};
	objectVersion = 46;
	objects = {

/* Begin PBXBuildFile section */
		DD1890B12371AF9A007781D6 /* StartViewController.swift in Sources */ = {isa = PBXBuildFile; fileRef = DD1890B02371AF99007781D6 /* StartViewController.swift */; };
		DD1890B62371B020007781D6 /* Start.storyboard in Resources */ = {isa = PBXBuildFile; fileRef = DD1890B82371B020007781D6 /* Start.storyboard */; };
		DD1890BF2371B114007781D6 /* Authentication.storyboard in Resources */ = {isa = PBXBuildFile; fileRef = DD1890C12371B114007781D6 /* Authentication.storyboard */; };
		DD1890C52371B662007781D6 /* APIClient (Authentication).swift in Sources */ = {isa = PBXBuildFile; fileRef = DD1890C42371B662007781D6 /* APIClient (Authentication).swift */; };
		DD1890C82371B85F007781D6 /* LoginViewController.swift in Sources */ = {isa = PBXBuildFile; fileRef = DD1890C72371B85F007781D6 /* LoginViewController.swift */; };
		DD34731320372FFE0035A2CD /* Images.xcassets in Resources */ = {isa = PBXBuildFile; fileRef = DD34730A20372FFE0035A2CD /* Images.xcassets */; };
		DD34731420372FFE0035A2CD /* LaunchScreen.storyboard in Resources */ = {isa = PBXBuildFile; fileRef = DD34730B20372FFE0035A2CD /* LaunchScreen.storyboard */; };
		DD34731520372FFE0035A2CD /* Main.storyboard in Resources */ = {isa = PBXBuildFile; fileRef = DD34730D20372FFE0035A2CD /* Main.storyboard */; };
		DD34734420373EC60035A2CD /* APIClient.swift in Sources */ = {isa = PBXBuildFile; fileRef = DD34733220373EC50035A2CD /* APIClient.swift */; };
		DD34734520373EC60035A2CD /* APIRouter.swift in Sources */ = {isa = PBXBuildFile; fileRef = DD34733320373EC50035A2CD /* APIRouter.swift */; };
		DD34734920373EC60035A2CD /* OAuth2RetryHandler.swift in Sources */ = {isa = PBXBuildFile; fileRef = DD34733720373EC50035A2CD /* OAuth2RetryHandler.swift */; };
		DD34734D20373EC60035A2CD /* KeyboardManagerApplicationService.swift in Sources */ = {isa = PBXBuildFile; fileRef = DD34733C20373EC50035A2CD /* KeyboardManagerApplicationService.swift */; };
		DD34734E20373EC60035A2CD /* FabricApplicationService.swift in Sources */ = {isa = PBXBuildFile; fileRef = DD34733D20373EC50035A2CD /* FabricApplicationService.swift */; };
		DD34734F20373EC60035A2CD /* MainViewController.swift in Sources */ = {isa = PBXBuildFile; fileRef = DD34733F20373EC60035A2CD /* MainViewController.swift */; };
		DD34735020373EC60035A2CD /* Config.swift in Sources */ = {isa = PBXBuildFile; fileRef = DD34734120373EC60035A2CD /* Config.swift */; };
		DD34735120373EC60035A2CD /* AppDelegate.swift in Sources */ = {isa = PBXBuildFile; fileRef = DD34734220373EC60035A2CD /* AppDelegate.swift */; };
		DD34735520373F250035A2CD /* Settings.swift in Sources */ = {isa = PBXBuildFile; fileRef = DD34735220373F250035A2CD /* Settings.swift */; };
		DD34735620373F250035A2CD /* Environment.swift in Sources */ = {isa = PBXBuildFile; fileRef = DD34735320373F250035A2CD /* Environment.swift */; };
		DD3473612038FB9F0035A2CD /* Settings.bundle in Resources */ = {isa = PBXBuildFile; fileRef = DD3473602038FB9F0035A2CD /* Settings.bundle */; };
		DD34736D2038FE350035A2CD /* InfoPlist.strings in Resources */ = {isa = PBXBuildFile; fileRef = DD34736F2038FE350035A2CD /* InfoPlist.strings */; };
		DD3473702038FE390035A2CD /* Localizable.strings in Resources */ = {isa = PBXBuildFile; fileRef = DD3473722038FE390035A2CD /* Localizable.strings */; };
		DD3473732038FE3D0035A2CD /* Localizable.stringsdict in Resources */ = {isa = PBXBuildFile; fileRef = DD3473752038FE3D0035A2CD /* Localizable.stringsdict */; };
		DD347377203906B00035A2CD /* Then.swift in Sources */ = {isa = PBXBuildFile; fileRef = DD347376203906B00035A2CD /* Then.swift */; };
		DD34737F203908E90035A2CD /* Strings.swift in Sources */ = {isa = PBXBuildFile; fileRef = DD34737B203908E90035A2CD /* Strings.swift */; };
		DD347380203908E90035A2CD /* Storyboards Scenes.swift in Sources */ = {isa = PBXBuildFile; fileRef = DD34737C203908E90035A2CD /* Storyboards Scenes.swift */; };
		DD347381203908EA0035A2CD /* Assets.swift in Sources */ = {isa = PBXBuildFile; fileRef = DD34737D203908E90035A2CD /* Assets.swift */; };
		DD347384203908F20035A2CD /* AutoViewModel.generated.swift in Sources */ = {isa = PBXBuildFile; fileRef = DD347383203908F20035A2CD /* AutoViewModel.generated.swift */; };
		DD3473862039095A0035A2CD /* User.swift in Sources */ = {isa = PBXBuildFile; fileRef = DD3473852039095A0035A2CD /* User.swift */; };
		DD347388203909720035A2CD /* UserViewModel.swift in Sources */ = {isa = PBXBuildFile; fileRef = DD347387203909720035A2CD /* UserViewModel.swift */; };
		DD372A7022CBF95700F68B25 /* NetworkDebugApplicationService.swift in Sources */ = {isa = PBXBuildFile; fileRef = DD372A6F22CBF95700F68B25 /* NetworkDebugApplicationService.swift */; };
		DD372A7222CBF98A00F68B25 /* StyleApplicationService.swift in Sources */ = {isa = PBXBuildFile; fileRef = DD372A7122CBF98A00F68B25 /* StyleApplicationService.swift */; };
		DD372A7422CBFA1700F68B25 /* CoreDataApplicationService.swift in Sources */ = {isa = PBXBuildFile; fileRef = DD372A7322CBFA1700F68B25 /* CoreDataApplicationService.swift */; };
		DD372A7622CBFA6900F68B25 /* PushNotificationService.swift in Sources */ = {isa = PBXBuildFile; fileRef = DD372A7522CBFA6900F68B25 /* PushNotificationService.swift */; };
		DD372A7822CBFC1500F68B25 /* Style.xcassets in Resources */ = {isa = PBXBuildFile; fileRef = DD372A7722CBFC1500F68B25 /* Style.xcassets */; };
		DD372A7B22CC073600F68B25 /* Local Notifications.swift in Sources */ = {isa = PBXBuildFile; fileRef = DD372A7A22CC073600F68B25 /* Local Notifications.swift */; };
		DD372A7D22CC083600F68B25 /* Push Notifications.swift in Sources */ = {isa = PBXBuildFile; fileRef = DD372A7C22CC083600F68B25 /* Push Notifications.swift */; };
		DD372A8022CC09CC00F68B25 /* NewsItemPushNotification.swift in Sources */ = {isa = PBXBuildFile; fileRef = DD372A7F22CC09CC00F68B25 /* NewsItemPushNotification.swift */; };
		DD372A8222CC247900F68B25 /* CoreData (KeyPaths).swift in Sources */ = {isa = PBXBuildFile; fileRef = DD372A8122CC247900F68B25 /* CoreData (KeyPaths).swift */; };
		DD372A8422CC281600F68B25 /* OAuth2Grant.swift in Sources */ = {isa = PBXBuildFile; fileRef = DD372A8322CC281600F68B25 /* OAuth2Grant.swift */; };
		DD372A8622CC286500F68B25 /* TestData.swift in Sources */ = {isa = PBXBuildFile; fileRef = DD372A8522CC286500F68B25 /* TestData.swift */; };
		DD372A8822CC294C00F68B25 /* Hack.swift in Sources */ = {isa = PBXBuildFile; fileRef = DD372A8722CC294C00F68B25 /* Hack.swift */; };
		DD372A8B22CC29FF00F68B25 /* UserRepository.swift in Sources */ = {isa = PBXBuildFile; fileRef = DD372A8A22CC29FF00F68B25 /* UserRepository.swift */; };
		DD372A8D22CC2AA300F68B25 /* APIClient (User).swift in Sources */ = {isa = PBXBuildFile; fileRef = DD372A8C22CC2AA300F68B25 /* APIClient (User).swift */; };
		DD372A8F22CCB3EC00F68B25 /* Formatter.swift in Sources */ = {isa = PBXBuildFile; fileRef = DD372A8E22CCB3EC00F68B25 /* Formatter.swift */; };
		DD372A9122CCB4C200F68B25 /* Style.swift in Sources */ = {isa = PBXBuildFile; fileRef = DD372A9022CCB4C200F68B25 /* Style.swift */; };
		DD372A9322CCB50100F68B25 /* Show Error.swift in Sources */ = {isa = PBXBuildFile; fileRef = DD372A9222CCB50100F68B25 /* Show Error.swift */; };
		DD4BF0C72163B0A9008475E3 /* Storyboards Segues.swift in Sources */ = {isa = PBXBuildFile; fileRef = DD4BF0C62163B0A9008475E3 /* Storyboards Segues.swift */; };
		DD9F476C206BFC26006B0DCA /* Example Project.xcdatamodeld in Sources */ = {isa = PBXBuildFile; fileRef = DD9F476A206BFC25006B0DCA /* Example Project.xcdatamodeld */; };
		DDA4D02C2235AF28005EE2B6 /* AutoModel.generated.swift in Sources */ = {isa = PBXBuildFile; fileRef = DDA4D02B2235AF28005EE2B6 /* AutoModel.generated.swift */; };
		DDA4D02E2235AFF6005EE2B6 /* CoreData.swift in Sources */ = {isa = PBXBuildFile; fileRef = DDA4D02D2235AFF6005EE2B6 /* CoreData.swift */; };
		FCFF21A5B3E91894BC1C63CF /* libPods-Example Project.a in Frameworks */ = {isa = PBXBuildFile; fileRef = 3F6078A4AC38E5DDA829F792 /* libPods-Example Project.a */; };
/* End PBXBuildFile section */

/* Begin PBXFileReference section */
		190E04BF69414D9C78D3A0B5 /* Pods-Example Project.staging-release.xcconfig */ = {isa = PBXFileReference; includeInIndex = 1; lastKnownFileType = text.xcconfig; name = "Pods-Example Project.staging-release.xcconfig"; path = "Pods/Target Support Files/Pods-Example Project/Pods-Example Project.staging-release.xcconfig"; sourceTree = "<group>"; };
		3F6078A4AC38E5DDA829F792 /* libPods-Example Project.a */ = {isa = PBXFileReference; explicitFileType = archive.ar; includeInIndex = 0; path = "libPods-Example Project.a"; sourceTree = BUILT_PRODUCTS_DIR; };
		58FB55D6388E1A2BE1FBA734 /* Pods-Example Project.production-release.xcconfig */ = {isa = PBXFileReference; includeInIndex = 1; lastKnownFileType = text.xcconfig; name = "Pods-Example Project.production-release.xcconfig"; path = "Pods/Target Support Files/Pods-Example Project/Pods-Example Project.production-release.xcconfig"; sourceTree = "<group>"; };
		779FBFEE7FAFD5A1421060A2 /* Pods-Example Project.development-debug.xcconfig */ = {isa = PBXFileReference; includeInIndex = 1; lastKnownFileType = text.xcconfig; name = "Pods-Example Project.development-debug.xcconfig"; path = "Pods/Target Support Files/Pods-Example Project/Pods-Example Project.development-debug.xcconfig"; sourceTree = "<group>"; };
		D922F0437CA6B7E35190147E /* Pods-Example Project.development-release.xcconfig */ = {isa = PBXFileReference; includeInIndex = 1; lastKnownFileType = text.xcconfig; name = "Pods-Example Project.development-release.xcconfig"; path = "Pods/Target Support Files/Pods-Example Project/Pods-Example Project.development-release.xcconfig"; sourceTree = "<group>"; };
		D95E1C411D88E71A00F94976 /* Example Project.app */ = {isa = PBXFileReference; explicitFileType = wrapper.application; includeInIndex = 0; path = "Example Project.app"; sourceTree = BUILT_PRODUCTS_DIR; };
		D95E1C891D88F39300F94976 /* AppwiseCore.framework */ = {isa = PBXFileReference; lastKnownFileType = wrapper.framework; name = AppwiseCore.framework; path = "../build/Debug-iphoneos/AppwiseCore.framework"; sourceTree = "<group>"; };
		DD1890B02371AF99007781D6 /* StartViewController.swift */ = {isa = PBXFileReference; lastKnownFileType = sourcecode.swift; path = StartViewController.swift; sourceTree = "<group>"; };
		DD1890B72371B020007781D6 /* Base */ = {isa = PBXFileReference; lastKnownFileType = file.storyboard; name = Base; path = Base.lproj/Start.storyboard; sourceTree = "<group>"; };
		DD1890BA2371B022007781D6 /* en */ = {isa = PBXFileReference; lastKnownFileType = text.plist.strings; name = en; path = en.lproj/Start.strings; sourceTree = "<group>"; };
		DD1890BC2371B02F007781D6 /* en */ = {isa = PBXFileReference; lastKnownFileType = text.plist.strings; name = en; path = en.lproj/Main.strings; sourceTree = "<group>"; };
		DD1890C02371B114007781D6 /* Base */ = {isa = PBXFileReference; lastKnownFileType = file.storyboard; name = Base; path = Base.lproj/Authentication.storyboard; sourceTree = "<group>"; };
		DD1890C32371B12F007781D6 /* en */ = {isa = PBXFileReference; lastKnownFileType = text.plist.strings; name = en; path = en.lproj/Authentication.strings; sourceTree = "<group>"; };
		DD1890C42371B662007781D6 /* APIClient (Authentication).swift */ = {isa = PBXFileReference; lastKnownFileType = sourcecode.swift; path = "APIClient (Authentication).swift"; sourceTree = "<group>"; };
		DD1890C72371B85F007781D6 /* LoginViewController.swift */ = {isa = PBXFileReference; lastKnownFileType = sourcecode.swift; path = LoginViewController.swift; sourceTree = "<group>"; };
		DD34730A20372FFE0035A2CD /* Images.xcassets */ = {isa = PBXFileReference; lastKnownFileType = folder.assetcatalog; path = Images.xcassets; sourceTree = "<group>"; };
		DD34730C20372FFE0035A2CD /* Base */ = {isa = PBXFileReference; lastKnownFileType = file.storyboard; name = Base; path = Base.lproj/LaunchScreen.storyboard; sourceTree = "<group>"; };
		DD34730E20372FFE0035A2CD /* Base */ = {isa = PBXFileReference; lastKnownFileType = file.storyboard; name = Base; path = Base.lproj/Main.storyboard; sourceTree = "<group>"; };
		DD34730F20372FFE0035A2CD /* Info.plist */ = {isa = PBXFileReference; fileEncoding = 4; lastKnownFileType = text.plist.xml; path = Info.plist; sourceTree = "<group>"; };
		DD347318203730540035A2CD /* Settings-Development.xcconfig */ = {isa = PBXFileReference; fileEncoding = 4; lastKnownFileType = text.xcconfig; path = "Settings-Development.xcconfig"; sourceTree = "<group>"; };
		DD347319203730540035A2CD /* Settings.xcconfig */ = {isa = PBXFileReference; fileEncoding = 4; lastKnownFileType = text.xcconfig; path = Settings.xcconfig; sourceTree = "<group>"; };
		DD34731A203730540035A2CD /* Settings-Staging.xcconfig */ = {isa = PBXFileReference; fileEncoding = 4; lastKnownFileType = text.xcconfig; path = "Settings-Staging.xcconfig"; sourceTree = "<group>"; };
		DD34731B203730540035A2CD /* Settings-Production.xcconfig */ = {isa = PBXFileReference; fileEncoding = 4; lastKnownFileType = text.xcconfig; path = "Settings-Production.xcconfig"; sourceTree = "<group>"; };
		DD347322203734DD0035A2CD /* Settings-Production (Release).xcconfig */ = {isa = PBXFileReference; lastKnownFileType = text.xcconfig; path = "Settings-Production (Release).xcconfig"; sourceTree = "<group>"; };
		DD347323203734DD0035A2CD /* Settings-Staging (Debug).xcconfig */ = {isa = PBXFileReference; lastKnownFileType = text.xcconfig; path = "Settings-Staging (Debug).xcconfig"; sourceTree = "<group>"; };
		DD347324203734DD0035A2CD /* Settings-Production (Debug).xcconfig */ = {isa = PBXFileReference; lastKnownFileType = text.xcconfig; path = "Settings-Production (Debug).xcconfig"; sourceTree = "<group>"; };
		DD347325203734DD0035A2CD /* Settings-Staging (Release).xcconfig */ = {isa = PBXFileReference; lastKnownFileType = text.xcconfig; path = "Settings-Staging (Release).xcconfig"; sourceTree = "<group>"; };
		DD347326203734DE0035A2CD /* Settings-Development (Debug).xcconfig */ = {isa = PBXFileReference; lastKnownFileType = text.xcconfig; path = "Settings-Development (Debug).xcconfig"; sourceTree = "<group>"; };
		DD347327203734DE0035A2CD /* Settings-Development (Release).xcconfig */ = {isa = PBXFileReference; lastKnownFileType = text.xcconfig; path = "Settings-Development (Release).xcconfig"; sourceTree = "<group>"; };
		DD34733220373EC50035A2CD /* APIClient.swift */ = {isa = PBXFileReference; fileEncoding = 4; lastKnownFileType = sourcecode.swift; path = APIClient.swift; sourceTree = "<group>"; };
		DD34733320373EC50035A2CD /* APIRouter.swift */ = {isa = PBXFileReference; fileEncoding = 4; lastKnownFileType = sourcecode.swift; path = APIRouter.swift; sourceTree = "<group>"; };
		DD34733720373EC50035A2CD /* OAuth2RetryHandler.swift */ = {isa = PBXFileReference; fileEncoding = 4; lastKnownFileType = sourcecode.swift; path = OAuth2RetryHandler.swift; sourceTree = "<group>"; };
		DD34733C20373EC50035A2CD /* KeyboardManagerApplicationService.swift */ = {isa = PBXFileReference; fileEncoding = 4; lastKnownFileType = sourcecode.swift; path = KeyboardManagerApplicationService.swift; sourceTree = "<group>"; };
		DD34733D20373EC50035A2CD /* FabricApplicationService.swift */ = {isa = PBXFileReference; fileEncoding = 4; lastKnownFileType = sourcecode.swift; path = FabricApplicationService.swift; sourceTree = "<group>"; };
		DD34733F20373EC60035A2CD /* MainViewController.swift */ = {isa = PBXFileReference; fileEncoding = 4; lastKnownFileType = sourcecode.swift; path = MainViewController.swift; sourceTree = "<group>"; };
		DD34734120373EC60035A2CD /* Config.swift */ = {isa = PBXFileReference; fileEncoding = 4; lastKnownFileType = sourcecode.swift; path = Config.swift; sourceTree = "<group>"; };
		DD34734220373EC60035A2CD /* AppDelegate.swift */ = {isa = PBXFileReference; fileEncoding = 4; lastKnownFileType = sourcecode.swift; path = AppDelegate.swift; sourceTree = "<group>"; };
		DD34735220373F250035A2CD /* Settings.swift */ = {isa = PBXFileReference; fileEncoding = 4; lastKnownFileType = sourcecode.swift; path = Settings.swift; sourceTree = "<group>"; };
		DD34735320373F250035A2CD /* Environment.swift */ = {isa = PBXFileReference; fileEncoding = 4; lastKnownFileType = sourcecode.swift; path = Environment.swift; sourceTree = "<group>"; };
		DD3473602038FB9F0035A2CD /* Settings.bundle */ = {isa = PBXFileReference; lastKnownFileType = "wrapper.plug-in"; path = Settings.bundle; sourceTree = "<group>"; };
		DD34736E2038FE350035A2CD /* en */ = {isa = PBXFileReference; lastKnownFileType = text.plist.strings; name = en; path = en.lproj/InfoPlist.strings; sourceTree = "<group>"; };
		DD3473712038FE390035A2CD /* en */ = {isa = PBXFileReference; lastKnownFileType = text.plist.strings; name = en; path = en.lproj/Localizable.strings; sourceTree = "<group>"; };
		DD3473742038FE3D0035A2CD /* en */ = {isa = PBXFileReference; lastKnownFileType = text.plist.stringsdict; name = en; path = en.lproj/Localizable.stringsdict; sourceTree = "<group>"; };
		DD347376203906B00035A2CD /* Then.swift */ = {isa = PBXFileReference; lastKnownFileType = sourcecode.swift; path = Then.swift; sourceTree = "<group>"; };
		DD34737B203908E90035A2CD /* Strings.swift */ = {isa = PBXFileReference; fileEncoding = 4; lastKnownFileType = sourcecode.swift; path = Strings.swift; sourceTree = "<group>"; };
		DD34737C203908E90035A2CD /* Storyboards Scenes.swift */ = {isa = PBXFileReference; fileEncoding = 4; lastKnownFileType = sourcecode.swift; path = "Storyboards Scenes.swift"; sourceTree = "<group>"; };
		DD34737D203908E90035A2CD /* Assets.swift */ = {isa = PBXFileReference; fileEncoding = 4; lastKnownFileType = sourcecode.swift; path = Assets.swift; sourceTree = "<group>"; };
		DD347383203908F20035A2CD /* AutoViewModel.generated.swift */ = {isa = PBXFileReference; fileEncoding = 4; lastKnownFileType = sourcecode.swift; path = AutoViewModel.generated.swift; sourceTree = "<group>"; };
		DD3473852039095A0035A2CD /* User.swift */ = {isa = PBXFileReference; lastKnownFileType = sourcecode.swift; path = User.swift; sourceTree = "<group>"; };
		DD347387203909720035A2CD /* UserViewModel.swift */ = {isa = PBXFileReference; lastKnownFileType = sourcecode.swift; path = UserViewModel.swift; sourceTree = "<group>"; };
		DD372A6F22CBF95700F68B25 /* NetworkDebugApplicationService.swift */ = {isa = PBXFileReference; lastKnownFileType = sourcecode.swift; path = NetworkDebugApplicationService.swift; sourceTree = "<group>"; };
		DD372A7122CBF98A00F68B25 /* StyleApplicationService.swift */ = {isa = PBXFileReference; lastKnownFileType = sourcecode.swift; path = StyleApplicationService.swift; sourceTree = "<group>"; };
		DD372A7322CBFA1700F68B25 /* CoreDataApplicationService.swift */ = {isa = PBXFileReference; lastKnownFileType = sourcecode.swift; path = CoreDataApplicationService.swift; sourceTree = "<group>"; };
		DD372A7522CBFA6900F68B25 /* PushNotificationService.swift */ = {isa = PBXFileReference; lastKnownFileType = sourcecode.swift; path = PushNotificationService.swift; sourceTree = "<group>"; };
		DD372A7722CBFC1500F68B25 /* Style.xcassets */ = {isa = PBXFileReference; lastKnownFileType = folder.assetcatalog; path = Style.xcassets; sourceTree = "<group>"; };
		DD372A7A22CC073600F68B25 /* Local Notifications.swift */ = {isa = PBXFileReference; lastKnownFileType = sourcecode.swift; path = "Local Notifications.swift"; sourceTree = "<group>"; };
		DD372A7C22CC083600F68B25 /* Push Notifications.swift */ = {isa = PBXFileReference; lastKnownFileType = sourcecode.swift; path = "Push Notifications.swift"; sourceTree = "<group>"; };
		DD372A7F22CC09CC00F68B25 /* NewsItemPushNotification.swift */ = {isa = PBXFileReference; lastKnownFileType = sourcecode.swift; path = NewsItemPushNotification.swift; sourceTree = "<group>"; };
		DD372A8122CC247900F68B25 /* CoreData (KeyPaths).swift */ = {isa = PBXFileReference; fileEncoding = 4; lastKnownFileType = sourcecode.swift; path = "CoreData (KeyPaths).swift"; sourceTree = "<group>"; };
		DD372A8322CC281600F68B25 /* OAuth2Grant.swift */ = {isa = PBXFileReference; lastKnownFileType = sourcecode.swift; path = OAuth2Grant.swift; sourceTree = "<group>"; };
		DD372A8522CC286500F68B25 /* TestData.swift */ = {isa = PBXFileReference; lastKnownFileType = sourcecode.swift; path = TestData.swift; sourceTree = "<group>"; };
		DD372A8722CC294C00F68B25 /* Hack.swift */ = {isa = PBXFileReference; lastKnownFileType = sourcecode.swift; path = Hack.swift; sourceTree = "<group>"; };
		DD372A8A22CC29FF00F68B25 /* UserRepository.swift */ = {isa = PBXFileReference; lastKnownFileType = sourcecode.swift; path = UserRepository.swift; sourceTree = "<group>"; };
		DD372A8C22CC2AA300F68B25 /* APIClient (User).swift */ = {isa = PBXFileReference; lastKnownFileType = sourcecode.swift; path = "APIClient (User).swift"; sourceTree = "<group>"; };
		DD372A8E22CCB3EC00F68B25 /* Formatter.swift */ = {isa = PBXFileReference; lastKnownFileType = sourcecode.swift; path = Formatter.swift; sourceTree = "<group>"; };
		DD372A9022CCB4C200F68B25 /* Style.swift */ = {isa = PBXFileReference; lastKnownFileType = sourcecode.swift; path = Style.swift; sourceTree = "<group>"; };
		DD372A9222CCB50100F68B25 /* Show Error.swift */ = {isa = PBXFileReference; lastKnownFileType = sourcecode.swift; path = "Show Error.swift"; sourceTree = "<group>"; };
		DD4BF0C62163B0A9008475E3 /* Storyboards Segues.swift */ = {isa = PBXFileReference; fileEncoding = 4; lastKnownFileType = sourcecode.swift; path = "Storyboards Segues.swift"; sourceTree = "<group>"; };
		DD9F476B206BFC25006B0DCA /* Example Project.xcdatamodel */ = {isa = PBXFileReference; lastKnownFileType = wrapper.xcdatamodel; path = "Example Project.xcdatamodel"; sourceTree = "<group>"; };
		DDA4D02B2235AF28005EE2B6 /* AutoModel.generated.swift */ = {isa = PBXFileReference; fileEncoding = 4; lastKnownFileType = sourcecode.swift; path = AutoModel.generated.swift; sourceTree = "<group>"; };
		DDA4D02D2235AFF6005EE2B6 /* CoreData.swift */ = {isa = PBXFileReference; fileEncoding = 4; lastKnownFileType = sourcecode.swift; path = CoreData.swift; sourceTree = "<group>"; };
		DDF718A32109DAC70011DEAE /* Settings (Release).xcconfig */ = {isa = PBXFileReference; fileEncoding = 4; lastKnownFileType = text.xcconfig; path = "Settings (Release).xcconfig"; sourceTree = "<group>"; };
		DDF718A42109DAC70011DEAE /* Settings (Debug).xcconfig */ = {isa = PBXFileReference; fileEncoding = 4; lastKnownFileType = text.xcconfig; path = "Settings (Debug).xcconfig"; sourceTree = "<group>"; };
		E6D5962A85FD8AE138F6CBF4 /* Pods-Example Project.production-debug.xcconfig */ = {isa = PBXFileReference; includeInIndex = 1; lastKnownFileType = text.xcconfig; name = "Pods-Example Project.production-debug.xcconfig"; path = "Pods/Target Support Files/Pods-Example Project/Pods-Example Project.production-debug.xcconfig"; sourceTree = "<group>"; };
		F441F0FA1310DA2AA9D0A068 /* Pods-Example Project.staging-debug.xcconfig */ = {isa = PBXFileReference; includeInIndex = 1; lastKnownFileType = text.xcconfig; name = "Pods-Example Project.staging-debug.xcconfig"; path = "Pods/Target Support Files/Pods-Example Project/Pods-Example Project.staging-debug.xcconfig"; sourceTree = "<group>"; };
/* End PBXFileReference section */

/* Begin PBXFrameworksBuildPhase section */
		D95E1C3E1D88E71A00F94976 /* Frameworks */ = {
			isa = PBXFrameworksBuildPhase;
			buildActionMask = 2147483647;
			files = (
				FCFF21A5B3E91894BC1C63CF /* libPods-Example Project.a in Frameworks */,
			);
			runOnlyForDeploymentPostprocessing = 0;
		};
/* End PBXFrameworksBuildPhase section */

/* Begin PBXGroup section */
		D95E1C381D88E71A00F94976 = {
			isa = PBXGroup;
			children = (
				D95E1C431D88E71A00F94976 /* Application */,
				D95E1C421D88E71A00F94976 /* Products */,
				D95E1C881D88F39300F94976 /* Frameworks */,
				EBA233E0481BA9E31F75325F /* Pods */,
			);
			sourceTree = "<group>";
		};
		D95E1C421D88E71A00F94976 /* Products */ = {
			isa = PBXGroup;
			children = (
				D95E1C411D88E71A00F94976 /* Example Project.app */,
			);
			name = Products;
			sourceTree = "<group>";
		};
		D95E1C431D88E71A00F94976 /* Application */ = {
			isa = PBXGroup;
			children = (
				DD34730520372FFE0035A2CD /* Sources */,
				DD34730920372FFE0035A2CD /* Resources */,
				DD347317203730540035A2CD /* Supporting Files */,
			);
			path = Application;
			sourceTree = "<group>";
		};
		D95E1C881D88F39300F94976 /* Frameworks */ = {
			isa = PBXGroup;
			children = (
				D95E1C891D88F39300F94976 /* AppwiseCore.framework */,
				3F6078A4AC38E5DDA829F792 /* libPods-Example Project.a */,
			);
			name = Frameworks;
			sourceTree = "<group>";
		};
		DD1890B22371AFC3007781D6 /* Start */ = {
			isa = PBXGroup;
			children = (
				DD1890B02371AF99007781D6 /* StartViewController.swift */,
			);
			path = Start;
			sourceTree = "<group>";
		};
		DD1890B32371AFCD007781D6 /* Main */ = {
			isa = PBXGroup;
			children = (
				DD34733F20373EC60035A2CD /* MainViewController.swift */,
			);
			path = Main;
			sourceTree = "<group>";
		};
		DD1890C62371B854007781D6 /* Authentication */ = {
			isa = PBXGroup;
			children = (
				DD1890C72371B85F007781D6 /* LoginViewController.swift */,
			);
			path = Authentication;
			sourceTree = "<group>";
		};
		DD34730520372FFE0035A2CD /* Sources */ = {
			isa = PBXGroup;
			children = (
				DD34733B20373EC50035A2CD /* Application Services */,
				DD34733E20373EC60035A2CD /* Controllers */,
				DD34735820373FA20035A2CD /* Extensions */,
				DD34734020373EC60035A2CD /* Helpers */,
				DD34735920373FC80035A2CD /* Generated */,
				DD372A8922CC29E900F68B25 /* ModelRepositories */,
				DD34735C20373FC80035A2CD /* Models */,
				DD34733020373EC50035A2CD /* Network */,
				DD372A7922CC071400F68B25 /* Notifications */,
				DD34735F20373FC80035A2CD /* Other */,
				DD34735D20373FC80035A2CD /* ViewModels */,
				DD34735E20373FC80035A2CD /* Views */,
			);
			path = Sources;
			sourceTree = "<group>";
		};
		DD34730920372FFE0035A2CD /* Resources */ = {
			isa = PBXGroup;
			children = (
				DD3473662038FC180035A2CD /* Localization */,
				DD3473642038FBFB0035A2CD /* Storyboards */,
				DD34730A20372FFE0035A2CD /* Images.xcassets */,
				DD372A7722CBFC1500F68B25 /* Style.xcassets */,
				DD9F476A206BFC25006B0DCA /* Example Project.xcdatamodeld */,
				DD34730F20372FFE0035A2CD /* Info.plist */,
				DD3473602038FB9F0035A2CD /* Settings.bundle */,
			);
			path = Resources;
			sourceTree = "<group>";
		};
		DD347317203730540035A2CD /* Supporting Files */ = {
			isa = PBXGroup;
			children = (
				DD347326203734DE0035A2CD /* Settings-Development (Debug).xcconfig */,
				DD347327203734DE0035A2CD /* Settings-Development (Release).xcconfig */,
				DD347318203730540035A2CD /* Settings-Development.xcconfig */,
				DD347324203734DD0035A2CD /* Settings-Production (Debug).xcconfig */,
				DD347322203734DD0035A2CD /* Settings-Production (Release).xcconfig */,
				DD34731B203730540035A2CD /* Settings-Production.xcconfig */,
				DD347323203734DD0035A2CD /* Settings-Staging (Debug).xcconfig */,
				DD347325203734DD0035A2CD /* Settings-Staging (Release).xcconfig */,
				DD34731A203730540035A2CD /* Settings-Staging.xcconfig */,
				DD347319203730540035A2CD /* Settings.xcconfig */,
				DDF718A42109DAC70011DEAE /* Settings (Debug).xcconfig */,
				DDF718A32109DAC70011DEAE /* Settings (Release).xcconfig */,
			);
			path = "Supporting Files";
			sourceTree = "<group>";
		};
		DD34733020373EC50035A2CD /* Network */ = {
			isa = PBXGroup;
			children = (
				DD34733220373EC50035A2CD /* APIClient.swift */,
				DD1890C42371B662007781D6 /* APIClient (Authentication).swift */,
				DD372A8C22CC2AA300F68B25 /* APIClient (User).swift */,
				DD34733320373EC50035A2CD /* APIRouter.swift */,
				DD372A8322CC281600F68B25 /* OAuth2Grant.swift */,
				DD34733720373EC50035A2CD /* OAuth2RetryHandler.swift */,
			);
			path = Network;
			sourceTree = "<group>";
		};
		DD34733B20373EC50035A2CD /* Application Services */ = {
			isa = PBXGroup;
			children = (
				DD372A7322CBFA1700F68B25 /* CoreDataApplicationService.swift */,
				DD34733D20373EC50035A2CD /* FabricApplicationService.swift */,
				DD34733C20373EC50035A2CD /* KeyboardManagerApplicationService.swift */,
				DD372A6F22CBF95700F68B25 /* NetworkDebugApplicationService.swift */,
				DD372A7522CBFA6900F68B25 /* PushNotificationService.swift */,
				DD372A7122CBF98A00F68B25 /* StyleApplicationService.swift */,
			);
			path = "Application Services";
			sourceTree = "<group>";
		};
		DD34733E20373EC60035A2CD /* Controllers */ = {
			isa = PBXGroup;
			children = (
				DD1890C62371B854007781D6 /* Authentication */,
				DD1890B32371AFCD007781D6 /* Main */,
				DD1890B22371AFC3007781D6 /* Start */,
			);
			path = Controllers;
			sourceTree = "<group>";
		};
		DD34734020373EC60035A2CD /* Helpers */ = {
			isa = PBXGroup;
			children = (
				DD34734220373EC60035A2CD /* AppDelegate.swift */,
				DD34734120373EC60035A2CD /* Config.swift */,
				DD34735320373F250035A2CD /* Environment.swift */,
				DD34735220373F250035A2CD /* Settings.swift */,
			);
			path = Helpers;
			sourceTree = "<group>";
		};
		DD34735820373FA20035A2CD /* Extensions */ = {
			isa = PBXGroup;
			children = (
				DD372A8E22CCB3EC00F68B25 /* Formatter.swift */,
				DD372A9222CCB50100F68B25 /* Show Error.swift */,
				DD372A9022CCB4C200F68B25 /* Style.swift */,
				DD347376203906B00035A2CD /* Then.swift */,
			);
			path = Extensions;
			sourceTree = "<group>";
		};
		DD34735920373FC80035A2CD /* Generated */ = {
			isa = PBXGroup;
			children = (
				DD34735A20373FC80035A2CD /* Sourcery */,
				DD34735B20373FC80035A2CD /* SwiftGen */,
			);
			path = Generated;
			sourceTree = "<group>";
		};
		DD34735A20373FC80035A2CD /* Sourcery */ = {
			isa = PBXGroup;
			children = (
				DDA4D02B2235AF28005EE2B6 /* AutoModel.generated.swift */,
				DD347383203908F20035A2CD /* AutoViewModel.generated.swift */,
			);
			path = Sourcery;
			sourceTree = "<group>";
		};
		DD34735B20373FC80035A2CD /* SwiftGen */ = {
			isa = PBXGroup;
			children = (
				DD34737D203908E90035A2CD /* Assets.swift */,
				DDA4D02D2235AFF6005EE2B6 /* CoreData.swift */,
				DD372A8122CC247900F68B25 /* CoreData (KeyPaths).swift */,
				DD34737C203908E90035A2CD /* Storyboards Scenes.swift */,
				DD4BF0C62163B0A9008475E3 /* Storyboards Segues.swift */,
				DD34737B203908E90035A2CD /* Strings.swift */,
			);
			path = SwiftGen;
			sourceTree = "<group>";
		};
		DD34735C20373FC80035A2CD /* Models */ = {
			isa = PBXGroup;
			children = (
				DD3473852039095A0035A2CD /* User.swift */,
			);
			path = Models;
			sourceTree = "<group>";
		};
		DD34735D20373FC80035A2CD /* ViewModels */ = {
			isa = PBXGroup;
			children = (
				DD347387203909720035A2CD /* UserViewModel.swift */,
			);
			path = ViewModels;
			sourceTree = "<group>";
		};
		DD34735E20373FC80035A2CD /* Views */ = {
			isa = PBXGroup;
			children = (
			);
			path = Views;
			sourceTree = "<group>";
		};
		DD34735F20373FC80035A2CD /* Other */ = {
			isa = PBXGroup;
			children = (
				DD372A8722CC294C00F68B25 /* Hack.swift */,
				DD372A8522CC286500F68B25 /* TestData.swift */,
			);
			path = Other;
			sourceTree = "<group>";
		};
		DD3473642038FBFB0035A2CD /* Storyboards */ = {
			isa = PBXGroup;
			children = (
				DD34730B20372FFE0035A2CD /* LaunchScreen.storyboard */,
				DD1890C12371B114007781D6 /* Authentication.storyboard */,
				DD34730D20372FFE0035A2CD /* Main.storyboard */,
				DD1890B82371B020007781D6 /* Start.storyboard */,
			);
			name = Storyboards;
			sourceTree = "<group>";
		};
		DD3473662038FC180035A2CD /* Localization */ = {
			isa = PBXGroup;
			children = (
				DD34736F2038FE350035A2CD /* InfoPlist.strings */,
				DD3473722038FE390035A2CD /* Localizable.strings */,
				DD3473752038FE3D0035A2CD /* Localizable.stringsdict */,
			);
			name = Localization;
			sourceTree = "<group>";
		};
		DD372A7922CC071400F68B25 /* Notifications */ = {
			isa = PBXGroup;
			children = (
				DD372A7E22CC09A800F68B25 /* Push Notifications */,
				DD372A7A22CC073600F68B25 /* Local Notifications.swift */,
				DD372A7C22CC083600F68B25 /* Push Notifications.swift */,
			);
			path = Notifications;
			sourceTree = "<group>";
		};
		DD372A7E22CC09A800F68B25 /* Push Notifications */ = {
			isa = PBXGroup;
			children = (
				DD372A7F22CC09CC00F68B25 /* NewsItemPushNotification.swift */,
			);
			path = "Push Notifications";
			sourceTree = "<group>";
		};
		DD372A8922CC29E900F68B25 /* ModelRepositories */ = {
			isa = PBXGroup;
			children = (
				DD372A8A22CC29FF00F68B25 /* UserRepository.swift */,
			);
			path = ModelRepositories;
			sourceTree = "<group>";
		};
		EBA233E0481BA9E31F75325F /* Pods */ = {
			isa = PBXGroup;
			children = (
				779FBFEE7FAFD5A1421060A2 /* Pods-Example Project.development-debug.xcconfig */,
				D922F0437CA6B7E35190147E /* Pods-Example Project.development-release.xcconfig */,
				F441F0FA1310DA2AA9D0A068 /* Pods-Example Project.staging-debug.xcconfig */,
				190E04BF69414D9C78D3A0B5 /* Pods-Example Project.staging-release.xcconfig */,
				E6D5962A85FD8AE138F6CBF4 /* Pods-Example Project.production-debug.xcconfig */,
				58FB55D6388E1A2BE1FBA734 /* Pods-Example Project.production-release.xcconfig */,
			);
			name = Pods;
			sourceTree = "<group>";
		};
/* End PBXGroup section */

/* Begin PBXNativeTarget section */
		D95E1C401D88E71A00F94976 /* Example Project */ = {
			isa = PBXNativeTarget;
			buildConfigurationList = D95E1C531D88E71A00F94976 /* Build configuration list for PBXNativeTarget "Example Project" */;
			buildPhases = (
				327ED3EA505C1F8958BF4340 /* [CP] Check Pods Manifest.lock */,
				B125D8ACB6B416B3319D5ED8 /* [CP-User] Check Strings */,
				E5A9F7588AD60C53668CB142 /* [CP-User] SwiftGen */,
				FD07CF5B36E34FF92EF79A78 /* [CP-User] Sourcery */,
				015364D8B2121D4FC14E4DC4 /* [CP-User] SwiftFormat */,
				A4BD1FEE0158802547C32541 /* [CP-User] SwiftLint */,
				D95E1C3D1D88E71A00F94976 /* Sources */,
				D95E1C3E1D88E71A00F94976 /* Frameworks */,
				D95E1C3F1D88E71A00F94976 /* Resources */,
				551F369F80832143286644CB /* [CP-User] Update Version Number */,
				8F7706C7239F0465538C113B /* [CP-User] Fabric */,
				D8AFDBB5298E16A421756E0A /* [CP] Copy Pods Resources */,
			);
			buildRules = (
			);
			dependencies = (
			);
			name = "Example Project";
			productName = Example;
			productReference = D95E1C411D88E71A00F94976 /* Example Project.app */;
			productType = "com.apple.product-type.application";
		};
/* End PBXNativeTarget section */

/* Begin PBXProject section */
		D95E1C391D88E71A00F94976 /* Project object */ = {
			isa = PBXProject;
			attributes = {
				LastSwiftUpdateCheck = 0800;
				LastUpgradeCheck = 1120;
				ORGANIZATIONNAME = Appwise;
				TargetAttributes = {
					D95E1C401D88E71A00F94976 = {
						CreatedOnToolsVersion = 8.0;
						LastSwiftMigration = 0900;
						ProvisioningStyle = Automatic;
					};
				};
			};
			buildConfigurationList = D95E1C3C1D88E71A00F94976 /* Build configuration list for PBXProject "Example Project" */;
			compatibilityVersion = "Xcode 3.2";
			developmentRegion = en;
			hasScannedForEncodings = 0;
			knownRegions = (
				en,
				Base,
			);
			mainGroup = D95E1C381D88E71A00F94976;
			productRefGroup = D95E1C421D88E71A00F94976 /* Products */;
			projectDirPath = "";
			projectRoot = "";
			targets = (
				D95E1C401D88E71A00F94976 /* Example Project */,
			);
		};
/* End PBXProject section */

/* Begin PBXResourcesBuildPhase section */
		D95E1C3F1D88E71A00F94976 /* Resources */ = {
			isa = PBXResourcesBuildPhase;
			buildActionMask = 2147483647;
			files = (
				DD3473702038FE390035A2CD /* Localizable.strings in Resources */,
				DD34736D2038FE350035A2CD /* InfoPlist.strings in Resources */,
				DD1890B62371B020007781D6 /* Start.storyboard in Resources */,
				DD3473612038FB9F0035A2CD /* Settings.bundle in Resources */,
				DD372A7822CBFC1500F68B25 /* Style.xcassets in Resources */,
				DD34731520372FFE0035A2CD /* Main.storyboard in Resources */,
				DD34731320372FFE0035A2CD /* Images.xcassets in Resources */,
				DD34731420372FFE0035A2CD /* LaunchScreen.storyboard in Resources */,
				DD1890BF2371B114007781D6 /* Authentication.storyboard in Resources */,
				DD3473732038FE3D0035A2CD /* Localizable.stringsdict in Resources */,
			);
			runOnlyForDeploymentPostprocessing = 0;
		};
/* End PBXResourcesBuildPhase section */

/* Begin PBXShellScriptBuildPhase section */
		015364D8B2121D4FC14E4DC4 /* [CP-User] SwiftFormat */ = {
			isa = PBXShellScriptBuildPhase;
			buildActionMask = 2147483647;
			files = (
			);
			name = "[CP-User] SwiftFormat";
			runOnlyForDeploymentPostprocessing = 0;
			shellPath = /bin/sh;
			shellScript = "\"${PODS_ROOT}/SwiftFormat/CommandLineTool/swiftformat\" .";
		};
		327ED3EA505C1F8958BF4340 /* [CP] Check Pods Manifest.lock */ = {
			isa = PBXShellScriptBuildPhase;
			buildActionMask = 2147483647;
			files = (
			);
			inputPaths = (
				"${PODS_PODFILE_DIR_PATH}/Podfile.lock",
				"${PODS_ROOT}/Manifest.lock",
			);
			name = "[CP] Check Pods Manifest.lock";
			outputPaths = (
				"$(DERIVED_FILE_DIR)/Pods-Example Project-checkManifestLockResult.txt",
			);
			runOnlyForDeploymentPostprocessing = 0;
			shellPath = /bin/sh;
			shellScript = "diff \"${PODS_PODFILE_DIR_PATH}/Podfile.lock\" \"${PODS_ROOT}/Manifest.lock\" > /dev/null\nif [ $? != 0 ] ; then\n    # print error to STDERR\n    echo \"error: The sandbox is not in sync with the Podfile.lock. Run 'pod install' or update your CocoaPods installation.\" >&2\n    exit 1\nfi\n# This output is used by Xcode 'outputs' to avoid re-running this script phase.\necho \"SUCCESS\" > \"${SCRIPT_OUTPUT_FILE_0}\"\n";
			showEnvVarsInLog = 0;
		};
		551F369F80832143286644CB /* [CP-User] Update Version Number */ = {
			isa = PBXShellScriptBuildPhase;
			buildActionMask = 2147483647;
			files = (
			);
			name = "[CP-User] Update Version Number";
			runOnlyForDeploymentPostprocessing = 0;
			shellPath = /bin/sh;
			shellScript = "\"../Scripts/update_build_number.sh\"";
			showEnvVarsInLog = 0;
		};
		8F7706C7239F0465538C113B /* [CP-User] Fabric */ = {
			isa = PBXShellScriptBuildPhase;
			buildActionMask = 2147483647;
			files = (
			);
			name = "[CP-User] Fabric";
			runOnlyForDeploymentPostprocessing = 0;
			shellPath = /bin/sh;
			shellScript = "\"${PODS_ROOT}/Fabric/run\" 0000000000000000000000000000000000000000 0000000000000000000000000000000000000000000000000000000000000000";
			showEnvVarsInLog = 0;
		};
		A4BD1FEE0158802547C32541 /* [CP-User] SwiftLint */ = {
			isa = PBXShellScriptBuildPhase;
			buildActionMask = 2147483647;
			files = (
			);
			name = "[CP-User] SwiftLint";
			runOnlyForDeploymentPostprocessing = 0;
			shellPath = /bin/sh;
			shellScript = "\"${PODS_ROOT}/SwiftLint/swiftlint\" lint --config \"${PROJECT_DIR}/.swiftlint.yml\" --path \"${PROJECT_DIR}\"";
			showEnvVarsInLog = 0;
		};
		B125D8ACB6B416B3319D5ED8 /* [CP-User] Check Strings */ = {
			isa = PBXShellScriptBuildPhase;
			buildActionMask = 2147483647;
			files = (
			);
			name = "[CP-User] Check Strings";
			runOnlyForDeploymentPostprocessing = 0;
			shellPath = /bin/sh;
			shellScript = "\"${PODS_ROOT}/BartyCrouch/bartycrouch\" update -x;\"${PODS_ROOT}/BartyCrouch/bartycrouch\" lint -x";
			showEnvVarsInLog = 0;
		};
		D8AFDBB5298E16A421756E0A /* [CP] Copy Pods Resources */ = {
			isa = PBXShellScriptBuildPhase;
			buildActionMask = 2147483647;
			files = (
			);
			inputPaths = (
				"${PODS_ROOT}/Target Support Files/Pods-Example Project/Pods-Example Project-resources.sh",
				"${PODS_CONFIGURATION_BUILD_DIR}/AppwiseCore/AppwiseCore-Core.bundle",
				"${PODS_CONFIGURATION_BUILD_DIR}/IQKeyboardManagerSwift/IQKeyboardManagerSwift.bundle",
				"${PODS_CONFIGURATION_BUILD_DIR}/StatefulUI/StatefulUIResources.bundle",
			);
			name = "[CP] Copy Pods Resources";
			outputPaths = (
				"${TARGET_BUILD_DIR}/${UNLOCALIZED_RESOURCES_FOLDER_PATH}/AppwiseCore-Core.bundle",
				"${TARGET_BUILD_DIR}/${UNLOCALIZED_RESOURCES_FOLDER_PATH}/IQKeyboardManagerSwift.bundle",
				"${TARGET_BUILD_DIR}/${UNLOCALIZED_RESOURCES_FOLDER_PATH}/StatefulUIResources.bundle",
			);
			runOnlyForDeploymentPostprocessing = 0;
			shellPath = /bin/sh;
			shellScript = "\"${PODS_ROOT}/Target Support Files/Pods-Example Project/Pods-Example Project-resources.sh\"\n";
			showEnvVarsInLog = 0;
		};
		E5A9F7588AD60C53668CB142 /* [CP-User] SwiftGen */ = {
			isa = PBXShellScriptBuildPhase;
			buildActionMask = 2147483647;
			files = (
			);
			name = "[CP-User] SwiftGen";
			runOnlyForDeploymentPostprocessing = 0;
			shellPath = /bin/sh;
			shellScript = "\"${PODS_ROOT}/SwiftGen/bin/swiftgen\"";
			showEnvVarsInLog = 0;
		};
		FD07CF5B36E34FF92EF79A78 /* [CP-User] Sourcery */ = {
			isa = PBXShellScriptBuildPhase;
			buildActionMask = 2147483647;
			files = (
			);
			name = "[CP-User] Sourcery";
			runOnlyForDeploymentPostprocessing = 0;
			shellPath = /bin/sh;
			shellScript = "\"${PODS_ROOT}/Sourcery/bin/sourcery\"";
			showEnvVarsInLog = 0;
		};
/* End PBXShellScriptBuildPhase section */

/* Begin PBXSourcesBuildPhase section */
		D95E1C3D1D88E71A00F94976 /* Sources */ = {
			isa = PBXSourcesBuildPhase;
			buildActionMask = 2147483647;
			files = (
				DD34734D20373EC60035A2CD /* KeyboardManagerApplicationService.swift in Sources */,
				DD9F476C206BFC26006B0DCA /* Example Project.xcdatamodeld in Sources */,
				DD1890C52371B662007781D6 /* APIClient (Authentication).swift in Sources */,
				DD34735120373EC60035A2CD /* AppDelegate.swift in Sources */,
				DD34735020373EC60035A2CD /* Config.swift in Sources */,
				DD372A7D22CC083600F68B25 /* Push Notifications.swift in Sources */,
				DDA4D02E2235AFF6005EE2B6 /* CoreData.swift in Sources */,
				DD372A7422CBFA1700F68B25 /* CoreDataApplicationService.swift in Sources */,
				DD372A9122CCB4C200F68B25 /* Style.swift in Sources */,
				DD372A8622CC286500F68B25 /* TestData.swift in Sources */,
				DD34735620373F250035A2CD /* Environment.swift in Sources */,
				DD34735520373F250035A2CD /* Settings.swift in Sources */,
				DD347380203908E90035A2CD /* Storyboards Scenes.swift in Sources */,
				DD372A8B22CC29FF00F68B25 /* UserRepository.swift in Sources */,
				DD372A8D22CC2AA300F68B25 /* APIClient (User).swift in Sources */,
				DD34734920373EC60035A2CD /* OAuth2RetryHandler.swift in Sources */,
				DD372A8422CC281600F68B25 /* OAuth2Grant.swift in Sources */,
				DD347381203908EA0035A2CD /* Assets.swift in Sources */,
				DD34737F203908E90035A2CD /* Strings.swift in Sources */,
				DD372A8F22CCB3EC00F68B25 /* Formatter.swift in Sources */,
				DD34734520373EC60035A2CD /* APIRouter.swift in Sources */,
				DDA4D02C2235AF28005EE2B6 /* AutoModel.generated.swift in Sources */,
				DD372A7222CBF98A00F68B25 /* StyleApplicationService.swift in Sources */,
				DD34734F20373EC60035A2CD /* MainViewController.swift in Sources */,
				DD347388203909720035A2CD /* UserViewModel.swift in Sources */,
				DD372A7622CBFA6900F68B25 /* PushNotificationService.swift in Sources */,
				DD34734E20373EC60035A2CD /* FabricApplicationService.swift in Sources */,
				DD372A9322CCB50100F68B25 /* Show Error.swift in Sources */,
				DD1890C82371B85F007781D6 /* LoginViewController.swift in Sources */,
				DD372A8022CC09CC00F68B25 /* NewsItemPushNotification.swift in Sources */,
				DD4BF0C72163B0A9008475E3 /* Storyboards Segues.swift in Sources */,
				DD3473862039095A0035A2CD /* User.swift in Sources */,
				DD372A8222CC247900F68B25 /* CoreData (KeyPaths).swift in Sources */,
				DD372A7B22CC073600F68B25 /* Local Notifications.swift in Sources */,
				DD34734420373EC60035A2CD /* APIClient.swift in Sources */,
				DD1890B12371AF9A007781D6 /* StartViewController.swift in Sources */,
				DD372A8822CC294C00F68B25 /* Hack.swift in Sources */,
				DD347377203906B00035A2CD /* Then.swift in Sources */,
				DD372A7022CBF95700F68B25 /* NetworkDebugApplicationService.swift in Sources */,
				DD347384203908F20035A2CD /* AutoViewModel.generated.swift in Sources */,
			);
			runOnlyForDeploymentPostprocessing = 0;
		};
/* End PBXSourcesBuildPhase section */

/* Begin PBXVariantGroup section */
		DD1890B82371B020007781D6 /* Start.storyboard */ = {
			isa = PBXVariantGroup;
			children = (
				DD1890B72371B020007781D6 /* Base */,
				DD1890BA2371B022007781D6 /* en */,
			);
			name = Start.storyboard;
			sourceTree = "<group>";
		};
		DD1890C12371B114007781D6 /* Authentication.storyboard */ = {
			isa = PBXVariantGroup;
			children = (
				DD1890C02371B114007781D6 /* Base */,
				DD1890C32371B12F007781D6 /* en */,
			);
			name = Authentication.storyboard;
			sourceTree = "<group>";
		};
		DD34730B20372FFE0035A2CD /* LaunchScreen.storyboard */ = {
			isa = PBXVariantGroup;
			children = (
				DD34730C20372FFE0035A2CD /* Base */,
			);
			name = LaunchScreen.storyboard;
			sourceTree = "<group>";
		};
		DD34730D20372FFE0035A2CD /* Main.storyboard */ = {
			isa = PBXVariantGroup;
			children = (
				DD34730E20372FFE0035A2CD /* Base */,
				DD1890BC2371B02F007781D6 /* en */,
			);
			name = Main.storyboard;
			sourceTree = "<group>";
		};
		DD34736F2038FE350035A2CD /* InfoPlist.strings */ = {
			isa = PBXVariantGroup;
			children = (
				DD34736E2038FE350035A2CD /* en */,
			);
			name = InfoPlist.strings;
			sourceTree = "<group>";
		};
		DD3473722038FE390035A2CD /* Localizable.strings */ = {
			isa = PBXVariantGroup;
			children = (
				DD3473712038FE390035A2CD /* en */,
			);
			name = Localizable.strings;
			sourceTree = "<group>";
		};
		DD3473752038FE3D0035A2CD /* Localizable.stringsdict */ = {
			isa = PBXVariantGroup;
			children = (
				DD3473742038FE3D0035A2CD /* en */,
			);
			name = Localizable.stringsdict;
			sourceTree = "<group>";
		};
/* End PBXVariantGroup section */

/* Begin XCBuildConfiguration section */
		D95E1C511D88E71A00F94976 /* Development-Debug */ = {
			isa = XCBuildConfiguration;
			baseConfigurationReference = DD347326203734DE0035A2CD /* Settings-Development (Debug).xcconfig */;
			buildSettings = {
			};
			name = "Development-Debug";
		};
		D95E1C521D88E71A00F94976 /* Staging-Release */ = {
			isa = XCBuildConfiguration;
			baseConfigurationReference = DD347325203734DD0035A2CD /* Settings-Staging (Release).xcconfig */;
			buildSettings = {
			};
			name = "Staging-Release";
		};
		D95E1C541D88E71A00F94976 /* Development-Debug */ = {
			isa = XCBuildConfiguration;
			baseConfigurationReference = 779FBFEE7FAFD5A1421060A2 /* Pods-Example Project.development-debug.xcconfig */;
			buildSettings = {
				DEVELOPMENT_TEAM = "";
				INFOPLIST_FILE = Application/Resources/Info.plist;
				PRODUCT_BUNDLE_IDENTIFIER = "be.appwise.Example-Project-Development";
				PRODUCT_NAME = "$(TARGET_NAME)";
				SWIFT_VERSION = 5.0;
			};
			name = "Development-Debug";
		};
		D95E1C551D88E71A00F94976 /* Staging-Release */ = {
			isa = XCBuildConfiguration;
			baseConfigurationReference = 190E04BF69414D9C78D3A0B5 /* Pods-Example Project.staging-release.xcconfig */;
			buildSettings = {
				DEVELOPMENT_TEAM = "";
				INFOPLIST_FILE = Application/Resources/Info.plist;
				PRODUCT_BUNDLE_IDENTIFIER = "be.appwise.Example-Project-Staging";
				PRODUCT_NAME = "$(TARGET_NAME)";
				SWIFT_VERSION = 5.0;
			};
			name = "Staging-Release";
		};
		DD347320203730920035A2CD /* Production-Debug */ = {
			isa = XCBuildConfiguration;
			baseConfigurationReference = DD347324203734DD0035A2CD /* Settings-Production (Debug).xcconfig */;
			buildSettings = {
			};
			name = "Production-Debug";
		};
		DD347321203730920035A2CD /* Production-Debug */ = {
			isa = XCBuildConfiguration;
			baseConfigurationReference = E6D5962A85FD8AE138F6CBF4 /* Pods-Example Project.production-debug.xcconfig */;
			buildSettings = {
				DEVELOPMENT_TEAM = "";
				INFOPLIST_FILE = Application/Resources/Info.plist;
				PRODUCT_BUNDLE_IDENTIFIER = "be.appwise.Example-Project";
				PRODUCT_NAME = "$(TARGET_NAME)";
				SWIFT_VERSION = 5.0;
			};
			name = "Production-Debug";
		};
		DD3473282037353E0035A2CD /* Development-Release */ = {
			isa = XCBuildConfiguration;
			baseConfigurationReference = DD347327203734DE0035A2CD /* Settings-Development (Release).xcconfig */;
			buildSettings = {
			};
			name = "Development-Release";
		};
		DD3473292037353E0035A2CD /* Development-Release */ = {
			isa = XCBuildConfiguration;
			baseConfigurationReference = D922F0437CA6B7E35190147E /* Pods-Example Project.development-release.xcconfig */;
			buildSettings = {
				DEVELOPMENT_TEAM = "";
				INFOPLIST_FILE = Application/Resources/Info.plist;
				PRODUCT_BUNDLE_IDENTIFIER = "be.appwise.Example-Project-Development";
				PRODUCT_NAME = "$(TARGET_NAME)";
				SWIFT_VERSION = 5.0;
			};
			name = "Development-Release";
		};
		DD34732A2037355B0035A2CD /* Staging-Debug */ = {
			isa = XCBuildConfiguration;
			baseConfigurationReference = DD347323203734DD0035A2CD /* Settings-Staging (Debug).xcconfig */;
			buildSettings = {
			};
			name = "Staging-Debug";
		};
		DD34732B2037355B0035A2CD /* Staging-Debug */ = {
			isa = XCBuildConfiguration;
			baseConfigurationReference = F441F0FA1310DA2AA9D0A068 /* Pods-Example Project.staging-debug.xcconfig */;
			buildSettings = {
				DEVELOPMENT_TEAM = "";
				INFOPLIST_FILE = Application/Resources/Info.plist;
				PRODUCT_BUNDLE_IDENTIFIER = "be.appwise.Example-Project-Staging";
				PRODUCT_NAME = "$(TARGET_NAME)";
				SWIFT_VERSION = 5.0;
			};
			name = "Staging-Debug";
		};
		DD34732E203735850035A2CD /* Production-Release */ = {
			isa = XCBuildConfiguration;
			baseConfigurationReference = DD347322203734DD0035A2CD /* Settings-Production (Release).xcconfig */;
			buildSettings = {
			};
			name = "Production-Release";
		};
		DD34732F203735850035A2CD /* Production-Release */ = {
			isa = XCBuildConfiguration;
			baseConfigurationReference = 58FB55D6388E1A2BE1FBA734 /* Pods-Example Project.production-release.xcconfig */;
			buildSettings = {
				DEVELOPMENT_TEAM = "";
				INFOPLIST_FILE = Application/Resources/Info.plist;
				PRODUCT_BUNDLE_IDENTIFIER = "be.appwise.Example-Project";
				PRODUCT_NAME = "$(TARGET_NAME)";
				SWIFT_VERSION = 5.0;
			};
			name = "Production-Release";
		};
/* End XCBuildConfiguration section */

/* Begin XCConfigurationList section */
		D95E1C3C1D88E71A00F94976 /* Build configuration list for PBXProject "Example Project" */ = {
			isa = XCConfigurationList;
			buildConfigurations = (
				D95E1C511D88E71A00F94976 /* Development-Debug */,
				DD3473282037353E0035A2CD /* Development-Release */,
				DD34732A2037355B0035A2CD /* Staging-Debug */,
				D95E1C521D88E71A00F94976 /* Staging-Release */,
				DD347320203730920035A2CD /* Production-Debug */,
				DD34732E203735850035A2CD /* Production-Release */,
			);
			defaultConfigurationIsVisible = 0;
			defaultConfigurationName = "Production-Release";
		};
		D95E1C531D88E71A00F94976 /* Build configuration list for PBXNativeTarget "Example Project" */ = {
			isa = XCConfigurationList;
			buildConfigurations = (
				D95E1C541D88E71A00F94976 /* Development-Debug */,
				DD3473292037353E0035A2CD /* Development-Release */,
				DD34732B2037355B0035A2CD /* Staging-Debug */,
				D95E1C551D88E71A00F94976 /* Staging-Release */,
				DD347321203730920035A2CD /* Production-Debug */,
				DD34732F203735850035A2CD /* Production-Release */,
			);
			defaultConfigurationIsVisible = 0;
			defaultConfigurationName = "Production-Release";
		};
/* End XCConfigurationList section */

/* Begin XCVersionGroup section */
		DD9F476A206BFC25006B0DCA /* Example Project.xcdatamodeld */ = {
			isa = XCVersionGroup;
			children = (
				DD9F476B206BFC25006B0DCA /* Example Project.xcdatamodel */,
			);
			currentVersion = DD9F476B206BFC25006B0DCA /* Example Project.xcdatamodel */;
			path = "Example Project.xcdatamodeld";
			sourceTree = "<group>";
			versionGroupType = wrapper.xcdatamodel;
		};
/* End XCVersionGroup section */
	};
	rootObject = D95E1C391D88E71A00F94976 /* Project object */;
}
